Microsoft Visual Studio Solution File, Format Version 12.00
# Visual Studio Version 17
VisualStudioVersion = 17.5.2.0
MinimumVisualStudioVersion = 10.0.40219.1
Project("{FAE04EC0-301F-11D3-BF4B-00C04F79EFBC}") = "kitucxa", "kitucxa.csproj", "{F2A4475D-1A13-99B7-1A91-DC8881A4ADC8}"
EndProject
Global
	GlobalSection(SolutionConfigurationPlatforms) = preSolution
		Debug|Any CPU = Debug|Any CPU
		Release|Any CPU = Release|Any CPU
	EndGlobalSection
	GlobalSection(ProjectConfigurationPlatforms) = postSolution
		{F2A4475D-1A13-99B7-1A91-DC8881A4ADC8}.Debug|Any CPU.ActiveCfg = Debug|Any CPU
		{F2A4475D-1A13-99B7-1A91-DC8881A4ADC8}.Debug|Any CPU.Build.0 = Debug|Any CPU
		{F2A4475D-1A13-99B7-1A91-DC8881A4ADC8}.Release|Any CPU.ActiveCfg = Release|Any CPU
		{F2A4475D-1A13-99B7-1A91-DC8881A4ADC8}.Release|Any CPU.Build.0 = Release|Any CPU
	EndGlobalSection
	GlobalSection(SolutionProperties) = preSolution
		HideSolutionNode = FALSE
	EndGlobalSection
	GlobalSection(ExtensibilityGlobals) = postSolution
		SolutionGuid = {6AA1497E-6913-45F3-8ACC-FBC18E7B0C79}
	EndGlobalSection
EndGlobal
